
Microsoft Visual Studio Solution File, Format Version 12.00
# Visual Studio Version 16
VisualStudioVersion = 16.0.32106.194
MinimumVisualStudioVersion = 10.0.40219.1
Project("{FAE04EC0-301F-11D3-BF4B-00C04F79EFBC}") = "Lab18_CSharp", "Lab18_CSharp\Lab18_CSharp.csproj", "{30091981-7B26-4A08-84DE-DAC4DBBAE001}"
EndProject
Project("{FAE04EC0-301F-11D3-BF4B-00C04F79EFBC}") = "NUnitProj", "NUnitProj\NUnitProj.csproj", "{F78B1E52-C9B1-4689-B01B-4DA5C6410DE3}"
EndProject
Global
	GlobalSection(SolutionConfigurationPlatforms) = preSolution
		Debug|Any CPU = Debug|Any CPU
		Release|Any CPU = Release|Any CPU
	EndGlobalSection
	GlobalSection(ProjectConfigurationPlatforms) = postSolution
		{30091981-7B26-4A08-84DE-DAC4DBBAE001}.Debug|Any CPU.ActiveCfg = Debug|Any CPU
		{30091981-7B26-4A08-84DE-DAC4DBBAE001}.Debug|Any CPU.Build.0 = Debug|Any CPU
		{30091981-7B26-4A08-84DE-DAC4DBBAE001}.Release|Any CPU.ActiveCfg = Release|Any CPU
		{30091981-7B26-4A08-84DE-DAC4DBBAE001}.Release|Any CPU.Build.0 = Release|Any CPU
		{F78B1E52-C9B1-4689-B01B-4DA5C6410DE3}.Debug|Any CPU.ActiveCfg = Debug|Any CPU
		{F78B1E52-C9B1-4689-B01B-4DA5C6410DE3}.Debug|Any CPU.Build.0 = Debug|Any CPU
		{F78B1E52-C9B1-4689-B01B-4DA5C6410DE3}.Release|Any CPU.ActiveCfg = Release|Any CPU
		{F78B1E52-C9B1-4689-B01B-4DA5C6410DE3}.Release|Any CPU.Build.0 = Release|Any CPU
	EndGlobalSection
	GlobalSection(SolutionProperties) = preSolution
		HideSolutionNode = FALSE
	EndGlobalSection
	GlobalSection(ExtensibilityGlobals) = postSolution
		SolutionGuid = {21E6E264-E56B-491F-BB7B-D83E1AC07AFA}
	EndGlobalSection
EndGlobal
